
Microsoft Visual Studio Solution File, Format Version 12.00
# Visual Studio 14
VisualStudioVersion = 14.0.25420.1
MinimumVisualStudioVersion = 10.0.40219.1
Project("{FAE04EC0-301F-11D3-BF4B-00C04F79EFBC}") = "Interfaces", "Interfaces\Interfaces.csproj", "{3A143A82-0927-4BAE-877A-1B9A3067FE95}"
EndProject
Project("{FAE04EC0-301F-11D3-BF4B-00C04F79EFBC}") = "MVVMTest", "MVVNTest\MVVMTest.csproj", "{8BBEB58A-A7CF-4C2E-8387-3478B2F843F1}"
EndProject
Project("{FAE04EC0-301F-11D3-BF4B-00C04F79EFBC}") = "UI", "UI\UI.csproj", "{10425504-4F9A-46F6-9857-E2D2E4CDCC62}"
EndProject
Project("{FAE04EC0-301F-11D3-BF4B-00C04F79EFBC}") = "CORE", "CORE\CORE.csproj", "{BEF7BB66-A6EF-4083-A66C-75D889ADC17A}"
EndProject
Project("{FAE04EC0-301F-11D3-BF4B-00C04F79EFBC}") = "DAO", "DAO\DAO.csproj", "{DC46115D-F9A8-4954-94DC-AA93D48A5609}"
EndProject
Project("{FAE04EC0-301F-11D3-BF4B-00C04F79EFBC}") = "ViewModel", "ViewModel\ViewModel.csproj", "{31CC16A2-228C-414D-A9D6-9450E6D0B93B}"
EndProject
Global
	GlobalSection(SolutionConfigurationPlatforms) = preSolution
		Debug|Any CPU = Debug|Any CPU
		Release|Any CPU = Release|Any CPU
	EndGlobalSection
	GlobalSection(ProjectConfigurationPlatforms) = postSolution
		{3A143A82-0927-4BAE-877A-1B9A3067FE95}.Debug|Any CPU.ActiveCfg = Debug|Any CPU
		{3A143A82-0927-4BAE-877A-1B9A3067FE95}.Debug|Any CPU.Build.0 = Debug|Any CPU
		{3A143A82-0927-4BAE-877A-1B9A3067FE95}.Release|Any CPU.ActiveCfg = Release|Any CPU
		{3A143A82-0927-4BAE-877A-1B9A3067FE95}.Release|Any CPU.Build.0 = Release|Any CPU
		{8BBEB58A-A7CF-4C2E-8387-3478B2F843F1}.Debug|Any CPU.ActiveCfg = Debug|Any CPU
		{8BBEB58A-A7CF-4C2E-8387-3478B2F843F1}.Debug|Any CPU.Build.0 = Debug|Any CPU
		{8BBEB58A-A7CF-4C2E-8387-3478B2F843F1}.Release|Any CPU.ActiveCfg = Release|Any CPU
		{8BBEB58A-A7CF-4C2E-8387-3478B2F843F1}.Release|Any CPU.Build.0 = Release|Any CPU
		{10425504-4F9A-46F6-9857-E2D2E4CDCC62}.Debug|Any CPU.ActiveCfg = Debug|Any CPU
		{10425504-4F9A-46F6-9857-E2D2E4CDCC62}.Debug|Any CPU.Build.0 = Debug|Any CPU
		{10425504-4F9A-46F6-9857-E2D2E4CDCC62}.Release|Any CPU.ActiveCfg = Release|Any CPU
		{10425504-4F9A-46F6-9857-E2D2E4CDCC62}.Release|Any CPU.Build.0 = Release|Any CPU
		{BEF7BB66-A6EF-4083-A66C-75D889ADC17A}.Debug|Any CPU.ActiveCfg = Debug|Any CPU
		{BEF7BB66-A6EF-4083-A66C-75D889ADC17A}.Debug|Any CPU.Build.0 = Debug|Any CPU
		{BEF7BB66-A6EF-4083-A66C-75D889ADC17A}.Release|Any CPU.ActiveCfg = Release|Any CPU
		{BEF7BB66-A6EF-4083-A66C-75D889ADC17A}.Release|Any CPU.Build.0 = Release|Any CPU
		{DC46115D-F9A8-4954-94DC-AA93D48A5609}.Debug|Any CPU.ActiveCfg = Debug|Any CPU
		{DC46115D-F9A8-4954-94DC-AA93D48A5609}.Debug|Any CPU.Build.0 = Debug|Any CPU
		{DC46115D-F9A8-4954-94DC-AA93D48A5609}.Release|Any CPU.ActiveCfg = Release|Any CPU
		{DC46115D-F9A8-4954-94DC-AA93D48A5609}.Release|Any CPU.Build.0 = Release|Any CPU
		{31CC16A2-228C-414D-A9D6-9450E6D0B93B}.Debug|Any CPU.ActiveCfg = Debug|Any CPU
		{31CC16A2-228C-414D-A9D6-9450E6D0B93B}.Debug|Any CPU.Build.0 = Debug|Any CPU
		{31CC16A2-228C-414D-A9D6-9450E6D0B93B}.Release|Any CPU.ActiveCfg = Release|Any CPU
		{31CC16A2-228C-414D-A9D6-9450E6D0B93B}.Release|Any CPU.Build.0 = Release|Any CPU
	EndGlobalSection
	GlobalSection(SolutionProperties) = preSolution
		HideSolutionNode = FALSE
	EndGlobalSection
EndGlobal
